
Microsoft Visual Studio Solution File, Format Version 12.00
# Visual Studio Version 16
VisualStudioVersion = 16.0.30717.126
MinimumVisualStudioVersion = 10.0.40219.1
Project("{9A19103F-16F7-4668-BE54-9A1E7A4F7556}") = "sms", "sms\sms.csproj", "{A2461F7A-62EE-4D20-82BD-4E58697CBE74}"
EndProject
Project("{FAE04EC0-301F-11D3-BF4B-00C04F79EFBC}") = "magsimpl", "magsimpl\magsimpl.csproj", "{4D3022CE-CBA3-4467-A714-D5FF022F2EBF}"
EndProject
Global
	GlobalSection(SolutionConfigurationPlatforms) = preSolution
		Debug|Any CPU = Debug|Any CPU
		Release|Any CPU = Release|Any CPU
	EndGlobalSection
	GlobalSection(ProjectConfigurationPlatforms) = postSolution
		{A2461F7A-62EE-4D20-82BD-4E58697CBE74}.Debug|Any CPU.ActiveCfg = Debug|Any CPU
		{A2461F7A-62EE-4D20-82BD-4E58697CBE74}.Debug|Any CPU.Build.0 = Debug|Any CPU
		{A2461F7A-62EE-4D20-82BD-4E58697CBE74}.Release|Any CPU.ActiveCfg = Release|Any CPU
		{A2461F7A-62EE-4D20-82BD-4E58697CBE74}.Release|Any CPU.Build.0 = Release|Any CPU
		{4D3022CE-CBA3-4467-A714-D5FF022F2EBF}.Debug|Any CPU.ActiveCfg = Debug|Any CPU
		{4D3022CE-CBA3-4467-A714-D5FF022F2EBF}.Debug|Any CPU.Build.0 = Debug|Any CPU
		{4D3022CE-CBA3-4467-A714-D5FF022F2EBF}.Release|Any CPU.ActiveCfg = Release|Any CPU
		{4D3022CE-CBA3-4467-A714-D5FF022F2EBF}.Release|Any CPU.Build.0 = Release|Any CPU
	EndGlobalSection
	GlobalSection(SolutionProperties) = preSolution
		HideSolutionNode = FALSE
	EndGlobalSection
	GlobalSection(ExtensibilityGlobals) = postSolution
		SolutionGuid = {5AE2C9FF-9D2D-4E66-93EA-9BFA334651A3}
	EndGlobalSection
EndGlobal
